// !$*UTF8*$!
{
	archiveVersion = 1;
	classes = {
	};
	objectVersion = 48;
	objects = {

/* Begin PBXBuildFile section */
		43DD7EE3205B04830013FC75 /* AppDelegate.swift in Sources */ = {isa = PBXBuildFile; fileRef = 43DD7EE2205B04830013FC75 /* AppDelegate.swift */; };
		43DD7EE5205B04830013FC75 /* RootViewController.swift in Sources */ = {isa = PBXBuildFile; fileRef = 43DD7EE4205B04830013FC75 /* RootViewController.swift */; };
		43DD7EE7205B04830013FC75 /* DataViewController.swift in Sources */ = {isa = PBXBuildFile; fileRef = 43DD7EE6205B04830013FC75 /* DataViewController.swift */; };
		43DD7EE9205B04830013FC75 /* ModelController.swift in Sources */ = {isa = PBXBuildFile; fileRef = 43DD7EE8205B04830013FC75 /* ModelController.swift */; };
		43DD7EEC205B04830013FC75 /* Main.storyboard in Resources */ = {isa = PBXBuildFile; fileRef = 43DD7EEA205B04830013FC75 /* Main.storyboard */; };
		43DD7EEE205B04830013FC75 /* Assets.xcassets in Resources */ = {isa = PBXBuildFile; fileRef = 43DD7EED205B04830013FC75 /* Assets.xcassets */; };
		43DD7EF1205B04830013FC75 /* LaunchScreen.storyboard in Resources */ = {isa = PBXBuildFile; fileRef = 43DD7EEF205B04830013FC75 /* LaunchScreen.storyboard */; };
/* End PBXBuildFile section */

/* Begin PBXFileReference section */
		43DD7EDF205B04830013FC75 /* Eden Team Builder.app */ = {isa = PBXFileReference; explicitFileType = wrapper.application; includeInIndex = 0; path = "Eden Team Builder.app"; sourceTree = BUILT_PRODUCTS_DIR; };
		43DD7EE2205B04830013FC75 /* AppDelegate.swift */ = {isa = PBXFileReference; lastKnownFileType = sourcecode.swift; path = AppDelegate.swift; sourceTree = "<group>"; };
		43DD7EE4205B04830013FC75 /* RootViewController.swift */ = {isa = PBXFileReference; lastKnownFileType = sourcecode.swift; path = RootViewController.swift; sourceTree = "<group>"; };
		43DD7EE6205B04830013FC75 /* DataViewController.swift */ = {isa = PBXFileReference; lastKnownFileType = sourcecode.swift; path = DataViewController.swift; sourceTree = "<group>"; };
		43DD7EE8205B04830013FC75 /* ModelController.swift */ = {isa = PBXFileReference; lastKnownFileType = sourcecode.swift; path = ModelController.swift; sourceTree = "<group>"; };
		43DD7EEB205B04830013FC75 /* Base */ = {isa = PBXFileReference; lastKnownFileType = file.storyboard; name = Base; path = Base.lproj/Main.storyboard; sourceTree = "<group>"; };
		43DD7EED205B04830013FC75 /* Assets.xcassets */ = {isa = PBXFileReference; lastKnownFileType = folder.assetcatalog; path = Assets.xcassets; sourceTree = "<group>"; };
		43DD7EF0205B04830013FC75 /* Base */ = {isa = PBXFileReference; lastKnownFileType = file.storyboard; name = Base; path = Base.lproj/LaunchScreen.storyboard; sourceTree = "<group>"; };
		43DD7EF2205B04830013FC75 /* Info.plist */ = {isa = PBXFileReference; lastKnownFileType = text.plist.xml; path = Info.plist; sourceTree = "<group>"; };
/* End PBXFileReference section */

/* Begin PBXFrameworksBuildPhase section */
		43DD7EDC205B04830013FC75 /* Frameworks */ = {
			isa = PBXFrameworksBuildPhase;
			buildActionMask = 2147483647;
			files = (
			);
			runOnlyForDeploymentPostprocessing = 0;
		};
/* End PBXFrameworksBuildPhase section */

/* Begin PBXGroup section */
		43DD7ED6205B04830013FC75 = {
			isa = PBXGroup;
			children = (
				43DD7EE1205B04830013FC75 /* Eden Team Builder */,
				43DD7EE0205B04830013FC75 /* Products */,
			);
			sourceTree = "<group>";
		};
		43DD7EE0205B04830013FC75 /* Products */ = {
			isa = PBXGroup;
			children = (
				43DD7EDF205B04830013FC75 /* Eden Team Builder.app */,
			);
			name = Products;
			sourceTree = "<group>";
		};
		43DD7EE1205B04830013FC75 /* Eden Team Builder */ = {
			isa = PBXGroup;
			children = (
				43DD7EE2205B04830013FC75 /* AppDelegate.swift */,
				43DD7EE4205B04830013FC75 /* RootViewController.swift */,
				43DD7EE6205B04830013FC75 /* DataViewController.swift */,
				43DD7EE8205B04830013FC75 /* ModelController.swift */,
				43DD7EEA205B04830013FC75 /* Main.storyboard */,
				43DD7EED205B04830013FC75 /* Assets.xcassets */,
				43DD7EEF205B04830013FC75 /* LaunchScreen.storyboard */,
				43DD7EF2205B04830013FC75 /* Info.plist */,
			);
			path = "Eden Team Builder";
			sourceTree = "<group>";
		};
/* End PBXGroup section */

/* Begin PBXNativeTarget section */
		43DD7EDE205B04830013FC75 /* Eden Team Builder */ = {
			isa = PBXNativeTarget;
			buildConfigurationList = 43DD7EF5205B04830013FC75 /* Build configuration list for PBXNativeTarget "Eden Team Builder" */;
			buildPhases = (
				43DD7EDB205B04830013FC75 /* Sources */,
				43DD7EDC205B04830013FC75 /* Frameworks */,
				43DD7EDD205B04830013FC75 /* Resources */,
			);
			buildRules = (
			);
			dependencies = (
			);
			name = "Eden Team Builder";
			productName = "Eden Team Builder";
			productReference = 43DD7EDF205B04830013FC75 /* Eden Team Builder.app */;
			productType = "com.apple.product-type.application";
		};
/* End PBXNativeTarget section */

/* Begin PBXProject section */
		43DD7ED7205B04830013FC75 /* Project object */ = {
			isa = PBXProject;
			attributes = {
				LastSwiftUpdateCheck = 0920;
				LastUpgradeCheck = 0920;
				ORGANIZATIONNAME = "Sébastien Gilabert";
				TargetAttributes = {
					43DD7EDE205B04830013FC75 = {
						CreatedOnToolsVersion = 9.2;
						ProvisioningStyle = Automatic;
					};
				};
			};
			buildConfigurationList = 43DD7EDA205B04830013FC75 /* Build configuration list for PBXProject "Eden Team Builder" */;
			compatibilityVersion = "Xcode 8.0";
			developmentRegion = en;
			hasScannedForEncodings = 0;
			knownRegions = (
				en,
				Base,
			);
			mainGroup = 43DD7ED6205B04830013FC75;
			productRefGroup = 43DD7EE0205B04830013FC75 /* Products */;
			projectDirPath = "";
			projectRoot = "";
			targets = (
				43DD7EDE205B04830013FC75 /* Eden Team Builder */,
			);
		};
/* End PBXProject section */

/* Begin PBXResourcesBuildPhase section */
		43DD7EDD205B04830013FC75 /* Resources */ = {
			isa = PBXResourcesBuildPhase;
			buildActionMask = 2147483647;
			files = (
				43DD7EF1205B04830013FC75 /* LaunchScreen.storyboard in Resources */,
				43DD7EEE205B04830013FC75 /* Assets.xcassets in Resources */,
				43DD7EEC205B04830013FC75 /* Main.storyboard in Resources */,
			);
			runOnlyForDeploymentPostprocessing = 0;
		};
/* End PBXResourcesBuildPhase section */

/* Begin PBXSourcesBuildPhase section */
		43DD7EDB205B04830013FC75 /* Sources */ = {
			isa = PBXSourcesBuildPhase;
			buildActionMask = 2147483647;
			files = (
				43DD7EE5205B04830013FC75 /* RootViewController.swift in Sources */,
				43DD7EE9205B04830013FC75 /* ModelController.swift in Sources */,
				43DD7EE7205B04830013FC75 /* DataViewController.swift in Sources */,
				43DD7EE3205B04830013FC75 /* AppDelegate.swift in Sources */,
			);
			runOnlyForDeploymentPostprocessing = 0;
		};
/* End PBXSourcesBuildPhase section */

/* Begin PBXVariantGroup section */
		43DD7EEA205B04830013FC75 /* Main.storyboard */ = {
			isa = PBXVariantGroup;
			children = (
				43DD7EEB205B04830013FC75 /* Base */,
			);
			name = Main.storyboard;
			sourceTree = "<group>";
		};
		43DD7EEF205B04830013FC75 /* LaunchScreen.storyboard */ = {
			isa = PBXVariantGroup;
			children = (
				43DD7EF0205B04830013FC75 /* Base */,
			);
			name = LaunchScreen.storyboard;
			sourceTree = "<group>";
		};
/* End PBXVariantGroup section */

/* Begin XCBuildConfiguration section */
		43DD7EF3205B04830013FC75 /* Debug */ = {
			isa = XCBuildConfiguration;
			buildSettings = {
				ALWAYS_SEARCH_USER_PATHS = NO;
				CLANG_ANALYZER_NONNULL = YES;
				CLANG_ANALYZER_NUMBER_OBJECT_CONVERSION = YES_AGGRESSIVE;
				CLANG_CXX_LANGUAGE_STANDARD = "gnu++14";
				CLANG_CXX_LIBRARY = "libc++";
				CLANG_ENABLE_MODULES = YES;
				CLANG_ENABLE_OBJC_ARC = YES;
				CLANG_WARN_BLOCK_CAPTURE_AUTORELEASING = YES;
				CLANG_WARN_BOOL_CONVERSION = YES;
				CLANG_WARN_COMMA = YES;
				CLANG_WARN_CONSTANT_CONVERSION = YES;
				CLANG_WARN_DIRECT_OBJC_ISA_USAGE = YES_ERROR;
				CLANG_WARN_DOCUMENTATION_COMMENTS = YES;
				CLANG_WARN_EMPTY_BODY = YES;
				CLANG_WARN_ENUM_CONVERSION = YES;
				CLANG_WARN_INFINITE_RECURSION = YES;
				CLANG_WARN_INT_CONVERSION = YES;
				CLANG_WARN_NON_LITERAL_NULL_CONVERSION = YES;
				CLANG_WARN_OBJC_LITERAL_CONVERSION = YES;
				CLANG_WARN_OBJC_ROOT_CLASS = YES_ERROR;
				CLANG_WARN_RANGE_LOOP_ANALYSIS = YES;
				CLANG_WARN_STRICT_PROTOTYPES = YES;
				CLANG_WARN_SUSPICIOUS_MOVE = YES;
				CLANG_WARN_UNGUARDED_AVAILABILITY = YES_AGGRESSIVE;
				CLANG_WARN_UNREACHABLE_CODE = YES;
				CLANG_WARN__DUPLICATE_METHOD_MATCH = YES;
				CODE_SIGN_IDENTITY = "iPhone Developer";
				COPY_PHASE_STRIP = NO;
				DEBUG_INFORMATION_FORMAT = dwarf;
				ENABLE_STRICT_OBJC_MSGSEND = YES;
				ENABLE_TESTABILITY = YES;
				GCC_C_LANGUAGE_STANDARD = gnu11;
				GCC_DYNAMIC_NO_PIC = NO;
				GCC_NO_COMMON_BLOCKS = YES;
				GCC_OPTIMIZATION_LEVEL = 0;
				GCC_PREPROCESSOR_DEFINITIONS = (
					"DEBUG=1",
					"$(inherited)",
				);
				GCC_WARN_64_TO_32_BIT_CONVERSION = YES;
				GCC_WARN_ABOUT_RETURN_TYPE = YES_ERROR;
				GCC_WARN_UNDECLARED_SELECTOR = YES;
				GCC_WARN_UNINITIALIZED_AUTOS = YES_AGGRESSIVE;
				GCC_WARN_UNUSED_FUNCTION = YES;
				GCC_WARN_UNUSED_VARIABLE = YES;
				IPHONEOS_DEPLOYMENT_TARGET = 11.2;
				MTL_ENABLE_DEBUG_INFO = YES;
				ONLY_ACTIVE_ARCH = YES;
				SDKROOT = iphoneos;
				SWIFT_ACTIVE_COMPILATION_CONDITIONS = DEBUG;
				SWIFT_OPTIMIZATION_LEVEL = "-Onone";
			};
			name = Debug;
		};
		43DD7EF4205B04830013FC75 /* Release */ = {
			isa = XCBuildConfiguration;
			buildSettings = {
				ALWAYS_SEARCH_USER_PATHS = NO;
				CLANG_ANALYZER_NONNULL = YES;
				CLANG_ANALYZER_NUMBER_OBJECT_CONVERSION = YES_AGGRESSIVE;
				CLANG_CXX_LANGUAGE_STANDARD = "gnu++14";
				CLANG_CXX_LIBRARY = "libc++";
				CLANG_ENABLE_MODULES = YES;
				CLANG_ENABLE_OBJC_ARC = YES;
				CLANG_WARN_BLOCK_CAPTURE_AUTORELEASING = YES;
				CLANG_WARN_BOOL_CONVERSION = YES;
				CLANG_WARN_COMMA = YES;
				CLANG_WARN_CONSTANT_CONVERSION = YES;
				CLANG_WARN_DIRECT_OBJC_ISA_USAGE = YES_ERROR;
				CLANG_WARN_DOCUMENTATION_COMMENTS = YES;
				CLANG_WARN_EMPTY_BODY = YES;
				CLANG_WARN_ENUM_CONVERSION = YES;
				CLANG_WARN_INFINITE_RECURSION = YES;
				CLANG_WARN_INT_CONVERSION = YES;
				CLANG_WARN_NON_LITERAL_NULL_CONVERSION = YES;
				CLANG_WARN_OBJC_LITERAL_CONVERSION = YES;
				CLANG_WARN_OBJC_ROOT_CLASS = YES_ERROR;
				CLANG_WARN_RANGE_LOOP_ANALYSIS = YES;
				CLANG_WARN_STRICT_PROTOTYPES = YES;
				CLANG_WARN_SUSPICIOUS_MOVE = YES;
				CLANG_WARN_UNGUARDED_AVAILABILITY = YES_AGGRESSIVE;
				CLANG_WARN_UNREACHABLE_CODE = YES;
				CLANG_WARN__DUPLICATE_METHOD_MATCH = YES;
				CODE_SIGN_IDENTITY = "iPhone Developer";
				COPY_PHASE_STRIP = NO;
				DEBUG_INFORMATION_FORMAT = "dwarf-with-dsym";
				ENABLE_NS_ASSERTIONS = NO;
				ENABLE_STRICT_OBJC_MSGSEND = YES;
				GCC_C_LANGUAGE_STANDARD = gnu11;
				GCC_NO_COMMON_BLOCKS = YES;
				GCC_WARN_64_TO_32_BIT_CONVERSION = YES;
				GCC_WARN_ABOUT_RETURN_TYPE = YES_ERROR;
				GCC_WARN_UNDECLARED_SELECTOR = YES;
				GCC_WARN_UNINITIALIZED_AUTOS = YES_AGGRESSIVE;
				GCC_WARN_UNUSED_FUNCTION = YES;
				GCC_WARN_UNUSED_VARIABLE = YES;
				IPHONEOS_DEPLOYMENT_TARGET = 11.2;
				MTL_ENABLE_DEBUG_INFO = NO;
				SDKROOT = iphoneos;
				SWIFT_OPTIMIZATION_LEVEL = "-Owholemodule";
				VALIDATE_PRODUCT = YES;
			};
			name = Release;
		};
		43DD7EF6205B04830013FC75 /* Debug */ = {
			isa = XCBuildConfiguration;
			buildSettings = {
				ASSETCATALOG_COMPILER_APPICON_NAME = AppIcon;
				CODE_SIGN_STYLE = Automatic;
				DEVELOPMENT_TEAM = FB5HV35GU3;
				INFOPLIST_FILE = "Eden Team Builder/Info.plist";
				LD_RUNPATH_SEARCH_PATHS = "$(inherited) @executable_path/Frameworks";
				PRODUCT_BUNDLE_IDENTIFIER = "com.glab.eden.Eden-Team-Builder";
				PRODUCT_NAME = "$(TARGET_NAME)";
				SWIFT_VERSION = 4.0;
				TARGETED_DEVICE_FAMILY = "1,2";
			};
			name = Debug;
		};
		43DD7EF7205B04830013FC75 /* Release */ = {
			isa = XCBuildConfiguration;
			buildSettings = {
				ASSETCATALOG_COMPILER_APPICON_NAME = AppIcon;
				CODE_SIGN_STYLE = Automatic;
				DEVELOPMENT_TEAM = FB5HV35GU3;
				INFOPLIST_FILE = "Eden Team Builder/Info.plist";
				LD_RUNPATH_SEARCH_PATHS = "$(inherited) @executable_path/Frameworks";
				PRODUCT_BUNDLE_IDENTIFIER = "com.glab.eden.Eden-Team-Builder";
				PRODUCT_NAME = "$(TARGET_NAME)";
				SWIFT_VERSION = 4.0;
				TARGETED_DEVICE_FAMILY = "1,2";
			};
			name = Release;
		};
/* End XCBuildConfiguration section */

/* Begin XCConfigurationList section */
		43DD7EDA205B04830013FC75 /* Build configuration list for PBXProject "Eden Team Builder" */ = {
			isa = XCConfigurationList;
			buildConfigurations = (
				43DD7EF3205B04830013FC75 /* Debug */,
				43DD7EF4205B04830013FC75 /* Release */,
			);
			defaultConfigurationIsVisible = 0;
			defaultConfigurationName = Release;
		};
		43DD7EF5205B04830013FC75 /* Build configuration list for PBXNativeTarget "Eden Team Builder" */ = {
			isa = XCConfigurationList;
			buildConfigurations = (
				43DD7EF6205B04830013FC75 /* Debug */,
				43DD7EF7205B04830013FC75 /* Release */,
			);
			defaultConfigurationIsVisible = 0;
			defaultConfigurationName = Release;
		};
/* End XCConfigurationList section */
	};
	rootObject = 43DD7ED7205B04830013FC75 /* Project object */;
}
